
Microsoft Visual Studio Solution File, Format Version 12.00
# Visual Studio 14
VisualStudioVersion = 14.0.23107.0
MinimumVisualStudioVersion = 10.0.40219.1
Project("{2150E333-8FDC-42A3-9474-1A3956D46DE8}") = "Solution Items", "Solution Items", "{A78674C3-0343-41CA-95E6-B0932F62583F}"
	ProjectSection(SolutionItems) = preProject
		HeD_License.txt = HeD_License.txt
	EndProjectSection
EndProject
Project("{2150E333-8FDC-42A3-9474-1A3956D46DE8}") = "framework", "framework", "{356696BA-8F59-49E9-AA18-7A5283C8F4D6}"
EndProject
Project("{2150E333-8FDC-42A3-9474-1A3956D46DE8}") = "dss", "dss", "{600CB953-3AB0-41F8-99FE-AA4A44DB1103}"
EndProject
Project("{FAE04EC0-301F-11D3-BF4B-00C04F79EFBC}") = "HeDEngine", "framework\HeDEngine\HeDEngine.csproj", "{DE75F0A0-3755-4D35-886B-C0B53C95980A}"
EndProject
Project("{FAE04EC0-301F-11D3-BF4B-00C04F79EFBC}") = "vMR.Model", "framework\vMR.Model\vMR.Model.csproj", "{AD62A3AE-B9BE-4360-8AA2-EF633337BF1E}"
EndProject
Project("{FAE04EC0-301F-11D3-BF4B-00C04F79EFBC}") = "CREF.Translation", "framework\CREF.Translation\CREF.Translation.csproj", "{3AB79FC6-0681-4A66-9AC8-CB3854100709}"
EndProject
Project("{FAE04EC0-301F-11D3-BF4B-00C04F79EFBC}") = "HeDArtifactUtility", "framework\HeDArtifactUtility\HeDArtifactUtility.csproj", "{3F0C727B-ED1D-411A-B177-065148F35A2E}"
EndProject
Project("{FAE04EC0-301F-11D3-BF4B-00C04F79EFBC}") = "HeD.DSS", "dss\HeD.DSS\HeD.DSS.csproj", "{1CD1D739-00D4-4247-81C0-B86B24688693}"
EndProject
Project("{FAE04EC0-301F-11D3-BF4B-00C04F79EFBC}") = "HeD.DSS.SampleClient", "dss\HeD.DSS.SampleClient\HeD.DSS.SampleClient.csproj", "{FD19B104-D3AE-4238-A167-8EE4E3B07F4A}"
EndProject
Project("{FAE04EC0-301F-11D3-BF4B-00C04F79EFBC}") = "HeD.DSS.Models", "dss\HeD.DSS.Models\HeD.DSS.Models.csproj", "{23D2F0E6-0CC4-4E96-8A9F-575A55B941CF}"
EndProject
Project("{FAE04EC0-301F-11D3-BF4B-00C04F79EFBC}") = "HeD.CDSS.Model", "dss\HeD.CDSS.Model\HeD.CDSS.Model.csproj", "{19DFC8CC-3391-4D22-A68F-1AE3C2C7E179}"
EndProject
Project("{FAE04EC0-301F-11D3-BF4B-00C04F79EFBC}") = "HeD.Model", "dss\HeD.Model\HeD.Model.csproj", "{621A8B3E-3298-4EA8-B555-23D59C47CF6F}"
EndProject
Project("{FAE04EC0-301F-11D3-BF4B-00C04F79EFBC}") = "ELM.Model", "framework\ELM.Model\ELM.Model.csproj", "{17ACE00E-1393-4C7A-B84C-80DFF9CBB83D}"
EndProject
Project("{FAE04EC0-301F-11D3-BF4B-00C04F79EFBC}") = "FHIR.Model", "framework\FHIR.Model\FHIR.Model.csproj", "{291B40B3-F299-4D4B-B237-2DD072AE04D4}"
EndProject
Project("{FAE04EC0-301F-11D3-BF4B-00C04F79EFBC}") = "SQL.Translation", "framework\SQL.Translation\SQL.Translation.csproj", "{A77C7139-9F45-46AF-AC25-B58029210061}"
EndProject
Global
	GlobalSection(SolutionConfigurationPlatforms) = preSolution
		Debug|Any CPU = Debug|Any CPU
		Debug|Mixed Platforms = Debug|Mixed Platforms
		Debug|x86 = Debug|x86
		Release|Any CPU = Release|Any CPU
		Release|Mixed Platforms = Release|Mixed Platforms
		Release|x86 = Release|x86
	EndGlobalSection
	GlobalSection(ProjectConfigurationPlatforms) = postSolution
		{DE75F0A0-3755-4D35-886B-C0B53C95980A}.Debug|Any CPU.ActiveCfg = Debug|Any CPU
		{DE75F0A0-3755-4D35-886B-C0B53C95980A}.Debug|Any CPU.Build.0 = Debug|Any CPU
		{DE75F0A0-3755-4D35-886B-C0B53C95980A}.Debug|Mixed Platforms.ActiveCfg = Debug|Any CPU
		{DE75F0A0-3755-4D35-886B-C0B53C95980A}.Debug|Mixed Platforms.Build.0 = Debug|Any CPU
		{DE75F0A0-3755-4D35-886B-C0B53C95980A}.Debug|x86.ActiveCfg = Debug|Any CPU
		{DE75F0A0-3755-4D35-886B-C0B53C95980A}.Release|Any CPU.ActiveCfg = Release|Any CPU
		{DE75F0A0-3755-4D35-886B-C0B53C95980A}.Release|Any CPU.Build.0 = Release|Any CPU
		{DE75F0A0-3755-4D35-886B-C0B53C95980A}.Release|Mixed Platforms.ActiveCfg = Release|Any CPU
		{DE75F0A0-3755-4D35-886B-C0B53C95980A}.Release|Mixed Platforms.Build.0 = Release|Any CPU
		{DE75F0A0-3755-4D35-886B-C0B53C95980A}.Release|x86.ActiveCfg = Release|Any CPU
		{AD62A3AE-B9BE-4360-8AA2-EF633337BF1E}.Debug|Any CPU.ActiveCfg = Debug|Any CPU
		{AD62A3AE-B9BE-4360-8AA2-EF633337BF1E}.Debug|Any CPU.Build.0 = Debug|Any CPU
		{AD62A3AE-B9BE-4360-8AA2-EF633337BF1E}.Debug|Mixed Platforms.ActiveCfg = Debug|Any CPU
		{AD62A3AE-B9BE-4360-8AA2-EF633337BF1E}.Debug|Mixed Platforms.Build.0 = Debug|Any CPU
		{AD62A3AE-B9BE-4360-8AA2-EF633337BF1E}.Debug|x86.ActiveCfg = Debug|Any CPU
		{AD62A3AE-B9BE-4360-8AA2-EF633337BF1E}.Release|Any CPU.ActiveCfg = Release|Any CPU
		{AD62A3AE-B9BE-4360-8AA2-EF633337BF1E}.Release|Any CPU.Build.0 = Release|Any CPU
		{AD62A3AE-B9BE-4360-8AA2-EF633337BF1E}.Release|Mixed Platforms.ActiveCfg = Release|Any CPU
		{AD62A3AE-B9BE-4360-8AA2-EF633337BF1E}.Release|Mixed Platforms.Build.0 = Release|Any CPU
		{AD62A3AE-B9BE-4360-8AA2-EF633337BF1E}.Release|x86.ActiveCfg = Release|Any CPU
		{3AB79FC6-0681-4A66-9AC8-CB3854100709}.Debug|Any CPU.ActiveCfg = Debug|Any CPU
		{3AB79FC6-0681-4A66-9AC8-CB3854100709}.Debug|Any CPU.Build.0 = Debug|Any CPU
		{3AB79FC6-0681-4A66-9AC8-CB3854100709}.Debug|Mixed Platforms.ActiveCfg = Debug|Any CPU
		{3AB79FC6-0681-4A66-9AC8-CB3854100709}.Debug|Mixed Platforms.Build.0 = Debug|Any CPU
		{3AB79FC6-0681-4A66-9AC8-CB3854100709}.Debug|x86.ActiveCfg = Debug|Any CPU
		{3AB79FC6-0681-4A66-9AC8-CB3854100709}.Release|Any CPU.ActiveCfg = Release|Any CPU
		{3AB79FC6-0681-4A66-9AC8-CB3854100709}.Release|Any CPU.Build.0 = Release|Any CPU
		{3AB79FC6-0681-4A66-9AC8-CB3854100709}.Release|Mixed Platforms.ActiveCfg = Release|Any CPU
		{3AB79FC6-0681-4A66-9AC8-CB3854100709}.Release|Mixed Platforms.Build.0 = Release|Any CPU
		{3AB79FC6-0681-4A66-9AC8-CB3854100709}.Release|x86.ActiveCfg = Release|Any CPU
		{3F0C727B-ED1D-411A-B177-065148F35A2E}.Debug|Any CPU.ActiveCfg = Debug|Any CPU
		{3F0C727B-ED1D-411A-B177-065148F35A2E}.Debug|Any CPU.Build.0 = Debug|Any CPU
		{3F0C727B-ED1D-411A-B177-065148F35A2E}.Debug|Mixed Platforms.ActiveCfg = Debug|Any CPU
		{3F0C727B-ED1D-411A-B177-065148F35A2E}.Debug|Mixed Platforms.Build.0 = Debug|Any CPU
		{3F0C727B-ED1D-411A-B177-065148F35A2E}.Debug|x86.ActiveCfg = Debug|Any CPU
		{3F0C727B-ED1D-411A-B177-065148F35A2E}.Release|Any CPU.ActiveCfg = Release|Any CPU
		{3F0C727B-ED1D-411A-B177-065148F35A2E}.Release|Any CPU.Build.0 = Release|Any CPU
		{3F0C727B-ED1D-411A-B177-065148F35A2E}.Release|Mixed Platforms.ActiveCfg = Release|Any CPU
		{3F0C727B-ED1D-411A-B177-065148F35A2E}.Release|Mixed Platforms.Build.0 = Release|Any CPU
		{3F0C727B-ED1D-411A-B177-065148F35A2E}.Release|x86.ActiveCfg = Release|Any CPU
		{1CD1D739-00D4-4247-81C0-B86B24688693}.Debug|Any CPU.ActiveCfg = Debug|Any CPU
		{1CD1D739-00D4-4247-81C0-B86B24688693}.Debug|Any CPU.Build.0 = Debug|Any CPU
		{1CD1D739-00D4-4247-81C0-B86B24688693}.Debug|Mixed Platforms.ActiveCfg = Debug|Any CPU
		{1CD1D739-00D4-4247-81C0-B86B24688693}.Debug|Mixed Platforms.Build.0 = Debug|Any CPU
		{1CD1D739-00D4-4247-81C0-B86B24688693}.Debug|x86.ActiveCfg = Debug|Any CPU
		{1CD1D739-00D4-4247-81C0-B86B24688693}.Release|Any CPU.ActiveCfg = Release|Any CPU
		{1CD1D739-00D4-4247-81C0-B86B24688693}.Release|Any CPU.Build.0 = Release|Any CPU
		{1CD1D739-00D4-4247-81C0-B86B24688693}.Release|Mixed Platforms.ActiveCfg = Release|Any CPU
		{1CD1D739-00D4-4247-81C0-B86B24688693}.Release|Mixed Platforms.Build.0 = Release|Any CPU
		{1CD1D739-00D4-4247-81C0-B86B24688693}.Release|x86.ActiveCfg = Release|Any CPU
		{FD19B104-D3AE-4238-A167-8EE4E3B07F4A}.Debug|Any CPU.ActiveCfg = Debug|Any CPU
		{FD19B104-D3AE-4238-A167-8EE4E3B07F4A}.Debug|Any CPU.Build.0 = Debug|Any CPU
		{FD19B104-D3AE-4238-A167-8EE4E3B07F4A}.Debug|Mixed Platforms.ActiveCfg = Debug|Any CPU
		{FD19B104-D3AE-4238-A167-8EE4E3B07F4A}.Debug|Mixed Platforms.Build.0 = Debug|Any CPU
		{FD19B104-D3AE-4238-A167-8EE4E3B07F4A}.Debug|x86.ActiveCfg = Debug|Any CPU
		{FD19B104-D3AE-4238-A167-8EE4E3B07F4A}.Release|Any CPU.ActiveCfg = Release|Any CPU
		{FD19B104-D3AE-4238-A167-8EE4E3B07F4A}.Release|Any CPU.Build.0 = Release|Any CPU
		{FD19B104-D3AE-4238-A167-8EE4E3B07F4A}.Release|Mixed Platforms.ActiveCfg = Release|Any CPU
		{FD19B104-D3AE-4238-A167-8EE4E3B07F4A}.Release|Mixed Platforms.Build.0 = Release|Any CPU
		{FD19B104-D3AE-4238-A167-8EE4E3B07F4A}.Release|x86.ActiveCfg = Release|Any CPU
		{23D2F0E6-0CC4-4E96-8A9F-575A55B941CF}.Debug|Any CPU.ActiveCfg = Debug|Any CPU
		{23D2F0E6-0CC4-4E96-8A9F-575A55B941CF}.Debug|Any CPU.Build.0 = Debug|Any CPU
		{23D2F0E6-0CC4-4E96-8A9F-575A55B941CF}.Debug|Mixed Platforms.ActiveCfg = Debug|Any CPU
		{23D2F0E6-0CC4-4E96-8A9F-575A55B941CF}.Debug|Mixed Platforms.Build.0 = Debug|Any CPU
		{23D2F0E6-0CC4-4E96-8A9F-575A55B941CF}.Debug|x86.ActiveCfg = Debug|Any CPU
		{23D2F0E6-0CC4-4E96-8A9F-575A55B941CF}.Release|Any CPU.ActiveCfg = Release|Any CPU
		{23D2F0E6-0CC4-4E96-8A9F-575A55B941CF}.Release|Any CPU.Build.0 = Release|Any CPU
		{23D2F0E6-0CC4-4E96-8A9F-575A55B941CF}.Release|Mixed Platforms.ActiveCfg = Release|Any CPU
		{23D2F0E6-0CC4-4E96-8A9F-575A55B941CF}.Release|Mixed Platforms.Build.0 = Release|Any CPU
		{23D2F0E6-0CC4-4E96-8A9F-575A55B941CF}.Release|x86.ActiveCfg = Release|Any CPU
		{19DFC8CC-3391-4D22-A68F-1AE3C2C7E179}.Debug|Any CPU.ActiveCfg = Debug|Any CPU
		{19DFC8CC-3391-4D22-A68F-1AE3C2C7E179}.Debug|Any CPU.Build.0 = Debug|Any CPU
		{19DFC8CC-3391-4D22-A68F-1AE3C2C7E179}.Debug|Mixed Platforms.ActiveCfg = Debug|Any CPU
		{19DFC8CC-3391-4D22-A68F-1AE3C2C7E179}.Debug|Mixed Platforms.Build.0 = Debug|Any CPU
		{19DFC8CC-3391-4D22-A68F-1AE3C2C7E179}.Debug|x86.ActiveCfg = Debug|Any CPU
		{19DFC8CC-3391-4D22-A68F-1AE3C2C7E179}.Release|Any CPU.ActiveCfg = Release|Any CPU
		{19DFC8CC-3391-4D22-A68F-1AE3C2C7E179}.Release|Any CPU.Build.0 = Release|Any CPU
		{19DFC8CC-3391-4D22-A68F-1AE3C2C7E179}.Release|Mixed Platforms.ActiveCfg = Release|Any CPU
		{19DFC8CC-3391-4D22-A68F-1AE3C2C7E179}.Release|Mixed Platforms.Build.0 = Release|Any CPU
		{19DFC8CC-3391-4D22-A68F-1AE3C2C7E179}.Release|x86.ActiveCfg = Release|Any CPU
		{621A8B3E-3298-4EA8-B555-23D59C47CF6F}.Debug|Any CPU.ActiveCfg = Debug|Any CPU
		{621A8B3E-3298-4EA8-B555-23D59C47CF6F}.Debug|Any CPU.Build.0 = Debug|Any CPU
		{621A8B3E-3298-4EA8-B555-23D59C47CF6F}.Debug|Mixed Platforms.ActiveCfg = Debug|Any CPU
		{621A8B3E-3298-4EA8-B555-23D59C47CF6F}.Debug|Mixed Platforms.Build.0 = Debug|Any CPU
		{621A8B3E-3298-4EA8-B555-23D59C47CF6F}.Debug|x86.ActiveCfg = Debug|Any CPU
		{621A8B3E-3298-4EA8-B555-23D59C47CF6F}.Release|Any CPU.ActiveCfg = Release|Any CPU
		{621A8B3E-3298-4EA8-B555-23D59C47CF6F}.Release|Any CPU.Build.0 = Release|Any CPU
		{621A8B3E-3298-4EA8-B555-23D59C47CF6F}.Release|Mixed Platforms.ActiveCfg = Release|Any CPU
		{621A8B3E-3298-4EA8-B555-23D59C47CF6F}.Release|Mixed Platforms.Build.0 = Release|Any CPU
		{621A8B3E-3298-4EA8-B555-23D59C47CF6F}.Release|x86.ActiveCfg = Release|Any CPU
		{17ACE00E-1393-4C7A-B84C-80DFF9CBB83D}.Debug|Any CPU.ActiveCfg = Debug|Any CPU
		{17ACE00E-1393-4C7A-B84C-80DFF9CBB83D}.Debug|Any CPU.Build.0 = Debug|Any CPU
		{17ACE00E-1393-4C7A-B84C-80DFF9CBB83D}.Debug|Mixed Platforms.ActiveCfg = Debug|Any CPU
		{17ACE00E-1393-4C7A-B84C-80DFF9CBB83D}.Debug|Mixed Platforms.Build.0 = Debug|Any CPU
		{17ACE00E-1393-4C7A-B84C-80DFF9CBB83D}.Debug|x86.ActiveCfg = Debug|Any CPU
		{17ACE00E-1393-4C7A-B84C-80DFF9CBB83D}.Release|Any CPU.ActiveCfg = Release|Any CPU
		{17ACE00E-1393-4C7A-B84C-80DFF9CBB83D}.Release|Any CPU.Build.0 = Release|Any CPU
		{17ACE00E-1393-4C7A-B84C-80DFF9CBB83D}.Release|Mixed Platforms.ActiveCfg = Release|Any CPU
		{17ACE00E-1393-4C7A-B84C-80DFF9CBB83D}.Release|Mixed Platforms.Build.0 = Release|Any CPU
		{17ACE00E-1393-4C7A-B84C-80DFF9CBB83D}.Release|x86.ActiveCfg = Release|Any CPU
		{291B40B3-F299-4D4B-B237-2DD072AE04D4}.Debug|Any CPU.ActiveCfg = Debug|Any CPU
		{291B40B3-F299-4D4B-B237-2DD072AE04D4}.Debug|Any CPU.Build.0 = Debug|Any CPU
		{291B40B3-F299-4D4B-B237-2DD072AE04D4}.Debug|Mixed Platforms.ActiveCfg = Debug|Any CPU
		{291B40B3-F299-4D4B-B237-2DD072AE04D4}.Debug|Mixed Platforms.Build.0 = Debug|Any CPU
		{291B40B3-F299-4D4B-B237-2DD072AE04D4}.Debug|x86.ActiveCfg = Debug|Any CPU
		{291B40B3-F299-4D4B-B237-2DD072AE04D4}.Release|Any CPU.ActiveCfg = Release|Any CPU
		{291B40B3-F299-4D4B-B237-2DD072AE04D4}.Release|Any CPU.Build.0 = Release|Any CPU
		{291B40B3-F299-4D4B-B237-2DD072AE04D4}.Release|Mixed Platforms.ActiveCfg = Release|Any CPU
		{291B40B3-F299-4D4B-B237-2DD072AE04D4}.Release|Mixed Platforms.Build.0 = Release|Any CPU
		{291B40B3-F299-4D4B-B237-2DD072AE04D4}.Release|x86.ActiveCfg = Release|Any CPU
		{A77C7139-9F45-46AF-AC25-B58029210061}.Debug|Any CPU.ActiveCfg = Debug|Any CPU
		{A77C7139-9F45-46AF-AC25-B58029210061}.Debug|Any CPU.Build.0 = Debug|Any CPU
		{A77C7139-9F45-46AF-AC25-B58029210061}.Debug|Mixed Platforms.ActiveCfg = Debug|Any CPU
		{A77C7139-9F45-46AF-AC25-B58029210061}.Debug|Mixed Platforms.Build.0 = Debug|Any CPU
		{A77C7139-9F45-46AF-AC25-B58029210061}.Debug|x86.ActiveCfg = Debug|Any CPU
		{A77C7139-9F45-46AF-AC25-B58029210061}.Release|Any CPU.ActiveCfg = Release|Any CPU
		{A77C7139-9F45-46AF-AC25-B58029210061}.Release|Any CPU.Build.0 = Release|Any CPU
		{A77C7139-9F45-46AF-AC25-B58029210061}.Release|Mixed Platforms.ActiveCfg = Release|Any CPU
		{A77C7139-9F45-46AF-AC25-B58029210061}.Release|Mixed Platforms.Build.0 = Release|Any CPU
		{A77C7139-9F45-46AF-AC25-B58029210061}.Release|x86.ActiveCfg = Release|Any CPU
	EndGlobalSection
	GlobalSection(SolutionProperties) = preSolution
		HideSolutionNode = FALSE
	EndGlobalSection
	GlobalSection(NestedProjects) = preSolution
		{DE75F0A0-3755-4D35-886B-C0B53C95980A} = {356696BA-8F59-49E9-AA18-7A5283C8F4D6}
		{AD62A3AE-B9BE-4360-8AA2-EF633337BF1E} = {356696BA-8F59-49E9-AA18-7A5283C8F4D6}
		{3AB79FC6-0681-4A66-9AC8-CB3854100709} = {356696BA-8F59-49E9-AA18-7A5283C8F4D6}
		{3F0C727B-ED1D-411A-B177-065148F35A2E} = {356696BA-8F59-49E9-AA18-7A5283C8F4D6}
		{1CD1D739-00D4-4247-81C0-B86B24688693} = {600CB953-3AB0-41F8-99FE-AA4A44DB1103}
		{FD19B104-D3AE-4238-A167-8EE4E3B07F4A} = {600CB953-3AB0-41F8-99FE-AA4A44DB1103}
		{23D2F0E6-0CC4-4E96-8A9F-575A55B941CF} = {600CB953-3AB0-41F8-99FE-AA4A44DB1103}
		{19DFC8CC-3391-4D22-A68F-1AE3C2C7E179} = {600CB953-3AB0-41F8-99FE-AA4A44DB1103}
		{621A8B3E-3298-4EA8-B555-23D59C47CF6F} = {600CB953-3AB0-41F8-99FE-AA4A44DB1103}
		{17ACE00E-1393-4C7A-B84C-80DFF9CBB83D} = {356696BA-8F59-49E9-AA18-7A5283C8F4D6}
		{291B40B3-F299-4D4B-B237-2DD072AE04D4} = {356696BA-8F59-49E9-AA18-7A5283C8F4D6}
		{A77C7139-9F45-46AF-AC25-B58029210061} = {356696BA-8F59-49E9-AA18-7A5283C8F4D6}
	EndGlobalSection
EndGlobal
